// !$*UTF8*$!
{
	archiveVersion = 1;
	classes = {
	};
	objectVersion = 50;
	objects = {

/* Begin PBXBuildFile section */
		EF93B62E51AD88323BDFB1FE /* Pods_B_Category.framework in Frameworks */ = {isa = PBXBuildFile; fileRef = B93CE2C95342CEA3035F6E31 /* Pods_B_Category.framework */; };
		F45481C4225E583E0032AA2E /* AppDelegate.m in Sources */ = {isa = PBXBuildFile; fileRef = F45481C3225E583E0032AA2E /* AppDelegate.m */; };
		F45481C7225E583E0032AA2E /* ViewController.m in Sources */ = {isa = PBXBuildFile; fileRef = F45481C6225E583E0032AA2E /* ViewController.m */; };
		F45481CA225E583E0032AA2E /* Main.storyboard in Resources */ = {isa = PBXBuildFile; fileRef = F45481C8225E583E0032AA2E /* Main.storyboard */; };
		F45481CC225E583F0032AA2E /* Assets.xcassets in Resources */ = {isa = PBXBuildFile; fileRef = F45481CB225E583F0032AA2E /* Assets.xcassets */; };
		F45481CF225E583F0032AA2E /* LaunchScreen.storyboard in Resources */ = {isa = PBXBuildFile; fileRef = F45481CD225E583F0032AA2E /* LaunchScreen.storyboard */; };
		F45481D2225E583F0032AA2E /* main.m in Sources */ = {isa = PBXBuildFile; fileRef = F45481D1225E583F0032AA2E /* main.m */; };
		F45481DB225E59690032AA2E /* CTMediator+B.m in Sources */ = {isa = PBXBuildFile; fileRef = F45481DA225E59690032AA2E /* CTMediator+B.m */; };
/* End PBXBuildFile section */

/* Begin PBXFileReference section */
		1209DCF0C5DC15C28DBFAEFF /* Pods-B_Category.debug.xcconfig */ = {isa = PBXFileReference; includeInIndex = 1; lastKnownFileType = text.xcconfig; name = "Pods-B_Category.debug.xcconfig"; path = "Target Support Files/Pods-B_Category/Pods-B_Category.debug.xcconfig"; sourceTree = "<group>"; };
		B93CE2C95342CEA3035F6E31 /* Pods_B_Category.framework */ = {isa = PBXFileReference; explicitFileType = wrapper.framework; includeInIndex = 0; path = Pods_B_Category.framework; sourceTree = BUILT_PRODUCTS_DIR; };
		BA9B0CD16213A552E899DE72 /* Pods-B_Category.release.xcconfig */ = {isa = PBXFileReference; includeInIndex = 1; lastKnownFileType = text.xcconfig; name = "Pods-B_Category.release.xcconfig"; path = "Target Support Files/Pods-B_Category/Pods-B_Category.release.xcconfig"; sourceTree = "<group>"; };
		F45481BF225E583E0032AA2E /* B_Category.app */ = {isa = PBXFileReference; explicitFileType = wrapper.application; includeInIndex = 0; path = B_Category.app; sourceTree = BUILT_PRODUCTS_DIR; };
		F45481C2225E583E0032AA2E /* AppDelegate.h */ = {isa = PBXFileReference; lastKnownFileType = sourcecode.c.h; path = AppDelegate.h; sourceTree = "<group>"; };
		F45481C3225E583E0032AA2E /* AppDelegate.m */ = {isa = PBXFileReference; lastKnownFileType = sourcecode.c.objc; path = AppDelegate.m; sourceTree = "<group>"; };
		F45481C5225E583E0032AA2E /* ViewController.h */ = {isa = PBXFileReference; lastKnownFileType = sourcecode.c.h; path = ViewController.h; sourceTree = "<group>"; };
		F45481C6225E583E0032AA2E /* ViewController.m */ = {isa = PBXFileReference; lastKnownFileType = sourcecode.c.objc; path = ViewController.m; sourceTree = "<group>"; };
		F45481C9225E583E0032AA2E /* Base */ = {isa = PBXFileReference; lastKnownFileType = file.storyboard; name = Base; path = Base.lproj/Main.storyboard; sourceTree = "<group>"; };
		F45481CB225E583F0032AA2E /* Assets.xcassets */ = {isa = PBXFileReference; lastKnownFileType = folder.assetcatalog; path = Assets.xcassets; sourceTree = "<group>"; };
		F45481CE225E583F0032AA2E /* Base */ = {isa = PBXFileReference; lastKnownFileType = file.storyboard; name = Base; path = Base.lproj/LaunchScreen.storyboard; sourceTree = "<group>"; };
		F45481D0225E583F0032AA2E /* Info.plist */ = {isa = PBXFileReference; lastKnownFileType = text.plist.xml; path = Info.plist; sourceTree = "<group>"; };
		F45481D1225E583F0032AA2E /* main.m */ = {isa = PBXFileReference; lastKnownFileType = sourcecode.c.objc; path = main.m; sourceTree = "<group>"; };
		F45481D9225E59690032AA2E /* CTMediator+B.h */ = {isa = PBXFileReference; lastKnownFileType = sourcecode.c.h; path = "CTMediator+B.h"; sourceTree = "<group>"; };
		F45481DA225E59690032AA2E /* CTMediator+B.m */ = {isa = PBXFileReference; lastKnownFileType = sourcecode.c.objc; path = "CTMediator+B.m"; sourceTree = "<group>"; };
/* End PBXFileReference section */

/* Begin PBXFrameworksBuildPhase section */
		F45481BC225E583E0032AA2E /* Frameworks */ = {
			isa = PBXFrameworksBuildPhase;
			buildActionMask = 2147483647;
			files = (
				EF93B62E51AD88323BDFB1FE /* Pods_B_Category.framework in Frameworks */,
			);
			runOnlyForDeploymentPostprocessing = 0;
		};
/* End PBXFrameworksBuildPhase section */

/* Begin PBXGroup section */
		761712FA9B42306FBD8418E3 /* Pods */ = {
			isa = PBXGroup;
			children = (
				1209DCF0C5DC15C28DBFAEFF /* Pods-B_Category.debug.xcconfig */,
				BA9B0CD16213A552E899DE72 /* Pods-B_Category.release.xcconfig */,
			);
			path = Pods;
			sourceTree = "<group>";
		};
		AB111B7240AB24ED3C2BDDEF /* Frameworks */ = {
			isa = PBXGroup;
			children = (
				B93CE2C95342CEA3035F6E31 /* Pods_B_Category.framework */,
			);
			name = Frameworks;
			sourceTree = "<group>";
		};
		F45481B6225E583E0032AA2E = {
			isa = PBXGroup;
			children = (
				F45481C1225E583E0032AA2E /* B_Category */,
				F45481C0225E583E0032AA2E /* Products */,
				761712FA9B42306FBD8418E3 /* Pods */,
				AB111B7240AB24ED3C2BDDEF /* Frameworks */,
			);
			sourceTree = "<group>";
		};
		F45481C0225E583E0032AA2E /* Products */ = {
			isa = PBXGroup;
			children = (
				F45481BF225E583E0032AA2E /* B_Category.app */,
			);
			name = Products;
			sourceTree = "<group>";
		};
		F45481C1225E583E0032AA2E /* B_Category */ = {
			isa = PBXGroup;
			children = (
				F45481D8225E595C0032AA2E /* B_Category */,
				F45481C2225E583E0032AA2E /* AppDelegate.h */,
				F45481C3225E583E0032AA2E /* AppDelegate.m */,
				F45481C5225E583E0032AA2E /* ViewController.h */,
				F45481C6225E583E0032AA2E /* ViewController.m */,
				F45481C8225E583E0032AA2E /* Main.storyboard */,
				F45481CB225E583F0032AA2E /* Assets.xcassets */,
				F45481CD225E583F0032AA2E /* LaunchScreen.storyboard */,
				F45481D0225E583F0032AA2E /* Info.plist */,
				F45481D1225E583F0032AA2E /* main.m */,
			);
			path = B_Category;
			sourceTree = "<group>";
		};
		F45481D8225E595C0032AA2E /* B_Category */ = {
			isa = PBXGroup;
			children = (
				F45481D9225E59690032AA2E /* CTMediator+B.h */,
				F45481DA225E59690032AA2E /* CTMediator+B.m */,
			);
			path = B_Category;
			sourceTree = "<group>";
		};
/* End PBXGroup section */

/* Begin PBXNativeTarget section */
		F45481BE225E583E0032AA2E /* B_Category */ = {
			isa = PBXNativeTarget;
			buildConfigurationList = F45481D5225E583F0032AA2E /* Build configuration list for PBXNativeTarget "B_Category" */;
			buildPhases = (
				D06C6743A491FF897927F9B6 /* [CP] Check Pods Manifest.lock */,
				F45481BB225E583E0032AA2E /* Sources */,
				F45481BC225E583E0032AA2E /* Frameworks */,
				F45481BD225E583E0032AA2E /* Resources */,
				0C5D817F9EF144BF94F15948 /* [CP] Embed Pods Frameworks */,
			);
			buildRules = (
			);
			dependencies = (
			);
			name = B_Category;
			productName = B_Category;
			productReference = F45481BF225E583E0032AA2E /* B_Category.app */;
			productType = "com.apple.product-type.application";
		};
/* End PBXNativeTarget section */

/* Begin PBXProject section */
		F45481B7225E583E0032AA2E /* Project object */ = {
			isa = PBXProject;
			attributes = {
				LastUpgradeCheck = 1020;
				ORGANIZATIONNAME = slark;
				TargetAttributes = {
					F45481BE225E583E0032AA2E = {
						CreatedOnToolsVersion = 10.2;
					};
				};
			};
			buildConfigurationList = F45481BA225E583E0032AA2E /* Build configuration list for PBXProject "B_Category" */;
			compatibilityVersion = "Xcode 9.3";
			developmentRegion = en;
			hasScannedForEncodings = 0;
			knownRegions = (
				en,
				Base,
			);
			mainGroup = F45481B6225E583E0032AA2E;
			productRefGroup = F45481C0225E583E0032AA2E /* Products */;
			projectDirPath = "";
			projectRoot = "";
			targets = (
				F45481BE225E583E0032AA2E /* B_Category */,
			);
		};
/* End PBXProject section */

/* Begin PBXResourcesBuildPhase section */
		F45481BD225E583E0032AA2E /* Resources */ = {
			isa = PBXResourcesBuildPhase;
			buildActionMask = 2147483647;
			files = (
				F45481CF225E583F0032AA2E /* LaunchScreen.storyboard in Resources */,
				F45481CC225E583F0032AA2E /* Assets.xcassets in Resources */,
				F45481CA225E583E0032AA2E /* Main.storyboard in Resources */,
			);
			runOnlyForDeploymentPostprocessing = 0;
		};
/* End PBXResourcesBuildPhase section */

/* Begin PBXShellScriptBuildPhase section */
		0C5D817F9EF144BF94F15948 /* [CP] Embed Pods Frameworks */ = {
			isa = PBXShellScriptBuildPhase;
			buildActionMask = 2147483647;
			files = (
			);
			inputFileListPaths = (
			);
			inputPaths = (
				"${PODS_ROOT}/Target Support Files/Pods-B_Category/Pods-B_Category-frameworks.sh",
				"${BUILT_PRODUCTS_DIR}/CTMediator/CTMediator.framework",
				"${BUILT_PRODUCTS_DIR}/HandyFrame/HandyFrame.framework",
			);
			name = "[CP] Embed Pods Frameworks";
			outputFileListPaths = (
			);
			outputPaths = (
				"${TARGET_BUILD_DIR}/${FRAMEWORKS_FOLDER_PATH}/CTMediator.framework",
				"${TARGET_BUILD_DIR}/${FRAMEWORKS_FOLDER_PATH}/HandyFrame.framework",
			);
			runOnlyForDeploymentPostprocessing = 0;
			shellPath = /bin/sh;
			shellScript = "\"${PODS_ROOT}/Target Support Files/Pods-B_Category/Pods-B_Category-frameworks.sh\"\n";
			showEnvVarsInLog = 0;
		};
		D06C6743A491FF897927F9B6 /* [CP] Check Pods Manifest.lock */ = {
			isa = PBXShellScriptBuildPhase;
			buildActionMask = 2147483647;
			files = (
			);
			inputFileListPaths = (
			);
			inputPaths = (
				"${PODS_PODFILE_DIR_PATH}/Podfile.lock",
				"${PODS_ROOT}/Manifest.lock",
			);
			name = "[CP] Check Pods Manifest.lock";
			outputFileListPaths = (
			);
			outputPaths = (
				"$(DERIVED_FILE_DIR)/Pods-B_Category-checkManifestLockResult.txt",
			);
			runOnlyForDeploymentPostprocessing = 0;
			shellPath = /bin/sh;
			shellScript = "diff \"${PODS_PODFILE_DIR_PATH}/Podfile.lock\" \"${PODS_ROOT}/Manifest.lock\" > /dev/null\nif [ $? != 0 ] ; then\n    # print error to STDERR\n    echo \"error: The sandbox is not in sync with the Podfile.lock. Run 'pod install' or update your CocoaPods installation.\" >&2\n    exit 1\nfi\n# This output is used by Xcode 'outputs' to avoid re-running this script phase.\necho \"SUCCESS\" > \"${SCRIPT_OUTPUT_FILE_0}\"\n";
			showEnvVarsInLog = 0;
		};
/* End PBXShellScriptBuildPhase section */

/* Begin PBXSourcesBuildPhase section */
		F45481BB225E583E0032AA2E /* Sources */ = {
			isa = PBXSourcesBuildPhase;
			buildActionMask = 2147483647;
			files = (
				F45481C7225E583E0032AA2E /* ViewController.m in Sources */,
				F45481D2225E583F0032AA2E /* main.m in Sources */,
				F45481DB225E59690032AA2E /* CTMediator+B.m in Sources */,
				F45481C4225E583E0032AA2E /* AppDelegate.m in Sources */,
			);
			runOnlyForDeploymentPostprocessing = 0;
		};
/* End PBXSourcesBuildPhase section */

/* Begin PBXVariantGroup section */
		F45481C8225E583E0032AA2E /* Main.storyboard */ = {
			isa = PBXVariantGroup;
			children = (
				F45481C9225E583E0032AA2E /* Base */,
			);
			name = Main.storyboard;
			sourceTree = "<group>";
		};
		F45481CD225E583F0032AA2E /* LaunchScreen.storyboard */ = {
			isa = PBXVariantGroup;
			children = (
				F45481CE225E583F0032AA2E /* Base */,
			);
			name = LaunchScreen.storyboard;
			sourceTree = "<group>";
		};
/* End PBXVariantGroup section */

/* Begin XCBuildConfiguration section */
		F45481D3225E583F0032AA2E /* Debug */ = {
			isa = XCBuildConfiguration;
			buildSettings = {
				ALWAYS_SEARCH_USER_PATHS = NO;
				CLANG_ANALYZER_NONNULL = YES;
				CLANG_ANALYZER_NUMBER_OBJECT_CONVERSION = YES_AGGRESSIVE;
				CLANG_CXX_LANGUAGE_STANDARD = "gnu++14";
				CLANG_CXX_LIBRARY = "libc++";
				CLANG_ENABLE_MODULES = YES;
				CLANG_ENABLE_OBJC_ARC = YES;
				CLANG_ENABLE_OBJC_WEAK = YES;
				CLANG_WARN_BLOCK_CAPTURE_AUTORELEASING = YES;
				CLANG_WARN_BOOL_CONVERSION = YES;
				CLANG_WARN_COMMA = YES;
				CLANG_WARN_CONSTANT_CONVERSION = YES;
				CLANG_WARN_DEPRECATED_OBJC_IMPLEMENTATIONS = YES;
				CLANG_WARN_DIRECT_OBJC_ISA_USAGE = YES_ERROR;
				CLANG_WARN_DOCUMENTATION_COMMENTS = YES;
				CLANG_WARN_EMPTY_BODY = YES;
				CLANG_WARN_ENUM_CONVERSION = YES;
				CLANG_WARN_INFINITE_RECURSION = YES;
				CLANG_WARN_INT_CONVERSION = YES;
				CLANG_WARN_NON_LITERAL_NULL_CONVERSION = YES;
				CLANG_WARN_OBJC_IMPLICIT_RETAIN_SELF = YES;
				CLANG_WARN_OBJC_LITERAL_CONVERSION = YES;
				CLANG_WARN_OBJC_ROOT_CLASS = YES_ERROR;
				CLANG_WARN_RANGE_LOOP_ANALYSIS = YES;
				CLANG_WARN_STRICT_PROTOTYPES = YES;
				CLANG_WARN_SUSPICIOUS_MOVE = YES;
				CLANG_WARN_UNGUARDED_AVAILABILITY = YES_AGGRESSIVE;
				CLANG_WARN_UNREACHABLE_CODE = YES;
				CLANG_WARN__DUPLICATE_METHOD_MATCH = YES;
				CODE_SIGN_IDENTITY = "iPhone Developer";
				COPY_PHASE_STRIP = NO;
				DEBUG_INFORMATION_FORMAT = dwarf;
				ENABLE_STRICT_OBJC_MSGSEND = YES;
				ENABLE_TESTABILITY = YES;
				GCC_C_LANGUAGE_STANDARD = gnu11;
				GCC_DYNAMIC_NO_PIC = NO;
				GCC_NO_COMMON_BLOCKS = YES;
				GCC_OPTIMIZATION_LEVEL = 0;
				GCC_PREPROCESSOR_DEFINITIONS = (
					"DEBUG=1",
					"$(inherited)",
				);
				GCC_WARN_64_TO_32_BIT_CONVERSION = YES;
				GCC_WARN_ABOUT_RETURN_TYPE = YES_ERROR;
				GCC_WARN_UNDECLARED_SELECTOR = YES;
				GCC_WARN_UNINITIALIZED_AUTOS = YES_AGGRESSIVE;
				GCC_WARN_UNUSED_FUNCTION = YES;
				GCC_WARN_UNUSED_VARIABLE = YES;
				IPHONEOS_DEPLOYMENT_TARGET = 12.2;
				MTL_ENABLE_DEBUG_INFO = INCLUDE_SOURCE;
				MTL_FAST_MATH = YES;
				ONLY_ACTIVE_ARCH = YES;
				SDKROOT = iphoneos;
			};
			name = Debug;
		};
		F45481D4225E583F0032AA2E /* Release */ = {
			isa = XCBuildConfiguration;
			buildSettings = {
				ALWAYS_SEARCH_USER_PATHS = NO;
				CLANG_ANALYZER_NONNULL = YES;
				CLANG_ANALYZER_NUMBER_OBJECT_CONVERSION = YES_AGGRESSIVE;
				CLANG_CXX_LANGUAGE_STANDARD = "gnu++14";
				CLANG_CXX_LIBRARY = "libc++";
				CLANG_ENABLE_MODULES = YES;
				CLANG_ENABLE_OBJC_ARC = YES;
				CLANG_ENABLE_OBJC_WEAK = YES;
				CLANG_WARN_BLOCK_CAPTURE_AUTORELEASING = YES;
				CLANG_WARN_BOOL_CONVERSION = YES;
				CLANG_WARN_COMMA = YES;
				CLANG_WARN_CONSTANT_CONVERSION = YES;
				CLANG_WARN_DEPRECATED_OBJC_IMPLEMENTATIONS = YES;
				CLANG_WARN_DIRECT_OBJC_ISA_USAGE = YES_ERROR;
				CLANG_WARN_DOCUMENTATION_COMMENTS = YES;
				CLANG_WARN_EMPTY_BODY = YES;
				CLANG_WARN_ENUM_CONVERSION = YES;
				CLANG_WARN_INFINITE_RECURSION = YES;
				CLANG_WARN_INT_CONVERSION = YES;
				CLANG_WARN_NON_LITERAL_NULL_CONVERSION = YES;
				CLANG_WARN_OBJC_IMPLICIT_RETAIN_SELF = YES;
				CLANG_WARN_OBJC_LITERAL_CONVERSION = YES;
				CLANG_WARN_OBJC_ROOT_CLASS = YES_ERROR;
				CLANG_WARN_RANGE_LOOP_ANALYSIS = YES;
				CLANG_WARN_STRICT_PROTOTYPES = YES;
				CLANG_WARN_SUSPICIOUS_MOVE = YES;
				CLANG_WARN_UNGUARDED_AVAILABILITY = YES_AGGRESSIVE;
				CLANG_WARN_UNREACHABLE_CODE = YES;
				CLANG_WARN__DUPLICATE_METHOD_MATCH = YES;
				CODE_SIGN_IDENTITY = "iPhone Developer";
				COPY_PHASE_STRIP = NO;
				DEBUG_INFORMATION_FORMAT = "dwarf-with-dsym";
				ENABLE_NS_ASSERTIONS = NO;
				ENABLE_STRICT_OBJC_MSGSEND = YES;
				GCC_C_LANGUAGE_STANDARD = gnu11;
				GCC_NO_COMMON_BLOCKS = YES;
				GCC_WARN_64_TO_32_BIT_CONVERSION = YES;
				GCC_WARN_ABOUT_RETURN_TYPE = YES_ERROR;
				GCC_WARN_UNDECLARED_SELECTOR = YES;
				GCC_WARN_UNINITIALIZED_AUTOS = YES_AGGRESSIVE;
				GCC_WARN_UNUSED_FUNCTION = YES;
				GCC_WARN_UNUSED_VARIABLE = YES;
				IPHONEOS_DEPLOYMENT_TARGET = 12.2;
				MTL_ENABLE_DEBUG_INFO = NO;
				MTL_FAST_MATH = YES;
				SDKROOT = iphoneos;
				VALIDATE_PRODUCT = YES;
			};
			name = Release;
		};
		F45481D6225E583F0032AA2E /* Debug */ = {
			isa = XCBuildConfiguration;
			baseConfigurationReference = 1209DCF0C5DC15C28DBFAEFF /* Pods-B_Category.debug.xcconfig */;
			buildSettings = {
				ASSETCATALOG_COMPILER_APPICON_NAME = AppIcon;
				CODE_SIGN_STYLE = Automatic;
				INFOPLIST_FILE = B_Category/Info.plist;
				LD_RUNPATH_SEARCH_PATHS = (
					"$(inherited)",
					"@executable_path/Frameworks",
				);
				PRODUCT_BUNDLE_IDENTIFIER = "jay.B-Category";
				PRODUCT_NAME = "$(TARGET_NAME)";
				TARGETED_DEVICE_FAMILY = "1,2";
			};
			name = Debug;
		};
		F45481D7225E583F0032AA2E /* Release */ = {
			isa = XCBuildConfiguration;
			baseConfigurationReference = BA9B0CD16213A552E899DE72 /* Pods-B_Category.release.xcconfig */;
			buildSettings = {
				ASSETCATALOG_COMPILER_APPICON_NAME = AppIcon;
				CODE_SIGN_STYLE = Automatic;
				INFOPLIST_FILE = B_Category/Info.plist;
				LD_RUNPATH_SEARCH_PATHS = (
					"$(inherited)",
					"@executable_path/Frameworks",
				);
				PRODUCT_BUNDLE_IDENTIFIER = "jay.B-Category";
				PRODUCT_NAME = "$(TARGET_NAME)";
				TARGETED_DEVICE_FAMILY = "1,2";
			};
			name = Release;
		};
/* End XCBuildConfiguration section */

/* Begin XCConfigurationList section */
		F45481BA225E583E0032AA2E /* Build configuration list for PBXProject "B_Category" */ = {
			isa = XCConfigurationList;
			buildConfigurations = (
				F45481D3225E583F0032AA2E /* Debug */,
				F45481D4225E583F0032AA2E /* Release */,
			);
			defaultConfigurationIsVisible = 0;
			defaultConfigurationName = Release;
		};
		F45481D5225E583F0032AA2E /* Build configuration list for PBXNativeTarget "B_Category" */ = {
			isa = XCConfigurationList;
			buildConfigurations = (
				F45481D6225E583F0032AA2E /* Debug */,
				F45481D7225E583F0032AA2E /* Release */,
			);
			defaultConfigurationIsVisible = 0;
			defaultConfigurationName = Release;
		};
/* End XCConfigurationList section */
	};
	rootObject = F45481B7225E583E0032AA2E /* Project object */;
}
